
Microsoft Visual Studio Solution File, Format Version 12.00
# Visual Studio Version 16
VisualStudioVersion = 16.0.30804.86
MinimumVisualStudioVersion = 10.0.40219.1
Project("{FAE04EC0-301F-11D3-BF4B-00C04F79EFBC}") = "helloformsapp", "helloformsapp\helloformsapp.csproj", "{CE49B64B-F620-4BD8-98F3-31DE1860413D}"
EndProject
Global
	GlobalSection(SolutionConfigurationPlatforms) = preSolution
		Debug|Any CPU = Debug|Any CPU
		Release|Any CPU = Release|Any CPU
	EndGlobalSection
	GlobalSection(ProjectConfigurationPlatforms) = postSolution
		{CE49B64B-F620-4BD8-98F3-31DE1860413D}.Debug|Any CPU.ActiveCfg = Debug|Any CPU
		{CE49B64B-F620-4BD8-98F3-31DE1860413D}.Debug|Any CPU.Build.0 = Debug|Any CPU
		{CE49B64B-F620-4BD8-98F3-31DE1860413D}.Release|Any CPU.ActiveCfg = Release|Any CPU
		{CE49B64B-F620-4BD8-98F3-31DE1860413D}.Release|Any CPU.Build.0 = Release|Any CPU
	EndGlobalSection
	GlobalSection(SolutionProperties) = preSolution
		HideSolutionNode = FALSE
	EndGlobalSection
	GlobalSection(ExtensibilityGlobals) = postSolution
		SolutionGuid = {FE06F7FD-6AEE-421D-B618-BF98A6EE0E72}
	EndGlobalSection
EndGlobal
